
Microsoft Visual Studio Solution File, Format Version 11.00
# Visual Studio 2010
Project("{8BC9CEB8-8B4A-11D0-8D11-00A0C91BC942}") = "Allegro_Game", "Allegro_Game\Allegro_Game.vcxproj", "{330F61A2-6599-4BE3-A336-5132387240E2}"
EndProject
Global
	GlobalSection(SolutionConfigurationPlatforms) = preSolution
		Debug|Win32 = Debug|Win32
		Release|Win32 = Release|Win32
	EndGlobalSection
	GlobalSection(ProjectConfigurationPlatforms) = postSolution
		{330F61A2-6599-4BE3-A336-5132387240E2}.Debug|Win32.ActiveCfg = Debug|Win32
		{330F61A2-6599-4BE3-A336-5132387240E2}.Debug|Win32.Build.0 = Debug|Win32
		{330F61A2-6599-4BE3-A336-5132387240E2}.Release|Win32.ActiveCfg = Release|Win32
		{330F61A2-6599-4BE3-A336-5132387240E2}.Release|Win32.Build.0 = Release|Win32
	EndGlobalSection
	GlobalSection(SolutionProperties) = preSolution
		HideSolutionNode = FALSE
	EndGlobalSection
EndGlobal
